
Microsoft Visual Studio Solution File, Format Version 12.00
# Visual Studio Version 16
VisualStudioVersion = 16.0.31321.278
MinimumVisualStudioVersion = 10.0.40219.1
Project("{FAE04EC0-301F-11D3-BF4B-00C04F79EFBC}") = "Formation", "Formation.csproj", "{D30177FF-D414-4D7D-8EDF-C83253413BE5}"
EndProject
Global
	GlobalSection(SolutionConfigurationPlatforms) = preSolution
		Debug|Any CPU = Debug|Any CPU
		Release|Any CPU = Release|Any CPU
	EndGlobalSection
	GlobalSection(ProjectConfigurationPlatforms) = postSolution
		{D30177FF-D414-4D7D-8EDF-C83253413BE5}.Debug|Any CPU.ActiveCfg = Debug|Any CPU
		{D30177FF-D414-4D7D-8EDF-C83253413BE5}.Debug|Any CPU.Build.0 = Debug|Any CPU
		{D30177FF-D414-4D7D-8EDF-C83253413BE5}.Release|Any CPU.ActiveCfg = Release|Any CPU
		{D30177FF-D414-4D7D-8EDF-C83253413BE5}.Release|Any CPU.Build.0 = Release|Any CPU
	EndGlobalSection
	GlobalSection(SolutionProperties) = preSolution
		HideSolutionNode = FALSE
	EndGlobalSection
	GlobalSection(ExtensibilityGlobals) = postSolution
		SolutionGuid = {6C8DB018-FEF9-4184-A419-7668040940FD}
	EndGlobalSection
EndGlobal
